{
    "doctrine/deprecations": {
        "version": "1.1",
        "recipe": {
            "repo": "github.com/symfony/recipes",
            "branch": "main",
            "version": "1.0",
            "ref": "fdd756167454623e21f1d769c5b814b243782a67"
        }
    },
    "doctrine/doctrine-bundle": {
        "version": "3.2",
        "recipe": {
            "repo": "github.com/symfony/recipes",
            "branch": "main",
            "version": "3.0",
            "ref": "d39a3bd844edfe90c20ae520b804a3bf4f82b4ad"
        },
        "files": [
            "config/packages/doctrine.yaml",
            "src/Entity/.gitignore",
            "src/Repository/.gitignore"
        ]
    },
    "doctrine/doctrine-migrations-bundle": {
        "version": "4.0",
        "recipe": {
            "repo": "github.com/symfony/recipes",
            "branch": "main",
            "version": "3.1",
            "ref": "1d01ec03c6ecbd67c3375c5478c9a423ae5d6a33"
        },
        "files": [
            "config/packages/doctrine_migrations.yaml",
            "migrations/.gitignore"
        ]
    },
    "lexik/jwt-authentication-bundle": {
        "version": "3.2",
        "recipe": {
            "repo": "github.com/symfony/recipes",
            "branch": "main",
            "version": "2.5",
            "ref": "e9481b233a11ef7e15fe055a2b21fd3ac1aa2bb7"
        },
        "files": [
            "config/packages/lexik_jwt_authentication.yaml"
        ]
    },
    "phpunit/phpunit": {
        "version": "13.1",
        "recipe": {
            "repo": "github.com/symfony/recipes",
            "branch": "main",
            "version": "11.1",
            "ref": "ca0bc067abfb40a8de1b2561b96cbfc2b833c314"
        },
        "files": [
            ".env.test",
            "phpunit.dist.xml",
            "tests/bootstrap.php",
            "bin/phpunit"
        ]
    },
    "symfony/flex": {
        "version": "2.10",
        "recipe": {
            "repo": "github.com/symfony/recipes",
            "branch": "main",
            "version": "2.4",
            "ref": "52e9754527a15e2b79d9a610f98185a1fe46622a"
        },
        "files": [
            ".env",
            ".env.dev"
        ]
    },
    "symfony/maker-bundle": {
        "version": "1.67",
        "recipe": {
            "repo": "github.com/symfony/recipes",
            "branch": "main",
            "version": "1.0",
            "ref": "fadbfe33303a76e25cb63401050439aa9b1a9c7f"
        }
    },
    "symfony/mercure-bundle": {
        "version": "0.4",
        "recipe": {
            "repo": "github.com/symfony/recipes",
            "branch": "main",
            "version": "0.4",
            "ref": "b141b8c8f13bc8c31d718a5488039b712c0d3592"
        },
        "files": [
            "config/packages/mercure.yaml"
        ]
    },
    "symfony/monolog-bundle": {
        "version": "4.0",
        "recipe": {
            "repo": "github.com/symfony/recipes",
            "branch": "main",
            "version": "3.7",
            "ref": "1b9efb10c54cb51c713a9391c9300ff8bceda459"
        },
        "files": [
            "config/packages/monolog.yaml"
        ]
    },
    "symfony/stimulus-bundle": {
        "version": "3.0",
        "recipe": {
            "repo": "github.com/symfony/recipes",
            "branch": "main",
            "version": "2.24",
            "ref": "d21494ed2ddbde38942e8278299a23ce5cf4a9a1"
        },
        "files": [
            "assets/controllers.json",
            "assets/controllers/csrf_protection_controller.js",
            "assets/controllers/hello_controller.js",
            "assets/stimulus_bootstrap.js"
        ]
    },
    "symfony/ux-turbo": {
        "version": "3.0",
        "recipe": {
            "repo": "github.com/symfony/recipes",
            "branch": "main",
            "version": "2.20",
            "ref": "287f7c6eb6e9b65e422d34c00795b360a787380b"
        },
        "files": [
            "config/packages/ux_turbo.yaml"
        ]
    },
    "symfony/webapp-pack": {
        "version": "1.4",
        "recipe": {
            "repo": "github.com/symfony/recipes",
            "branch": "main",
            "version": "1.0",
            "ref": "b9e6cc8e7b6069d0e8a816665809a423864eb4dd"
        },
        "files": [
            "config/packages/messenger.yaml"
        ]
    },
    "twig/extra-bundle": {
        "version": "v3.24.0"
    }
}
